
Microsoft Visual Studio Solution File, Format Version 12.00
# Visual Studio Version 17
VisualStudioVersion = 17.12.35521.163 d17.12
MinimumVisualStudioVersion = 10.0.40219.1
Project("{FAE04EC0-301F-11D3-BF4B-00C04F79EFBC}") = "task3", "backgamon_project\task3.csproj", "{EB47EFA1-FF8B-4EB7-9292-D91362EED154}"
EndProject
Project("{FAE04EC0-301F-11D3-BF4B-00C04F79EFBC}") = "task4", "task4\task4.csproj", "{1C52FB3E-6647-4770-8395-4CEB7608C9D3}"
EndProject
Global
	GlobalSection(SolutionConfigurationPlatforms) = preSolution
		Debug|Any CPU = Debug|Any CPU
		Release|Any CPU = Release|Any CPU
	EndGlobalSection
	GlobalSection(ProjectConfigurationPlatforms) = postSolution
		{EB47EFA1-FF8B-4EB7-9292-D91362EED154}.Debug|Any CPU.ActiveCfg = Debug|Any CPU
		{EB47EFA1-FF8B-4EB7-9292-D91362EED154}.Debug|Any CPU.Build.0 = Debug|Any CPU
		{EB47EFA1-FF8B-4EB7-9292-D91362EED154}.Release|Any CPU.ActiveCfg = Release|Any CPU
		{EB47EFA1-FF8B-4EB7-9292-D91362EED154}.Release|Any CPU.Build.0 = Release|Any CPU
		{1C52FB3E-6647-4770-8395-4CEB7608C9D3}.Debug|Any CPU.ActiveCfg = Debug|Any CPU
		{1C52FB3E-6647-4770-8395-4CEB7608C9D3}.Debug|Any CPU.Build.0 = Debug|Any CPU
		{1C52FB3E-6647-4770-8395-4CEB7608C9D3}.Release|Any CPU.ActiveCfg = Release|Any CPU
		{1C52FB3E-6647-4770-8395-4CEB7608C9D3}.Release|Any CPU.Build.0 = Release|Any CPU
	EndGlobalSection
	GlobalSection(SolutionProperties) = preSolution
		HideSolutionNode = FALSE
	EndGlobalSection
EndGlobal
